
Microsoft Visual Studio Solution File, Format Version 12.00
# Visual Studio Version 16
VisualStudioVersion = 16.0.30114.105
MinimumVisualStudioVersion = 10.0.40219.1
Project("{888888A0-9F3D-457C-B088-3A5042F75D52}") = "Roman Numerals", "Roman Numerals.pyproj", "{E512189B-F0D9-401B-93CA-D8D3594810C9}"
EndProject
Global
	GlobalSection(SolutionConfigurationPlatforms) = preSolution
		Debug|Any CPU = Debug|Any CPU
		Release|Any CPU = Release|Any CPU
	EndGlobalSection
	GlobalSection(ProjectConfigurationPlatforms) = postSolution
		{E512189B-F0D9-401B-93CA-D8D3594810C9}.Debug|Any CPU.ActiveCfg = Debug|Any CPU
		{E512189B-F0D9-401B-93CA-D8D3594810C9}.Release|Any CPU.ActiveCfg = Release|Any CPU
	EndGlobalSection
	GlobalSection(SolutionProperties) = preSolution
		HideSolutionNode = FALSE
	EndGlobalSection
	GlobalSection(ExtensibilityGlobals) = postSolution
		SolutionGuid = {AB6097F5-4EB0-40FB-B8B5-78C1C609EEEA}
	EndGlobalSection
EndGlobal
